{
  "object": {
    "pins": [
      {
        "package": "Hero",
        "repositoryURL": "https://github.com/HeroTransitions/Hero",
        "state": {
          "branch": null,
          "revision": "7d541ecbf8f53edc87bf51c54ab207bddc39e4cb",
          "version": "1.4.0"
        }
      }
    ]
  },
  "version": 1
}
